lockfileVersion: '9.0'

settings:
  autoInstallPeers: true
  excludeLinksFromLockfile: false

importers:

  .:
    dependencies:
      three:
        specifier: 0.180.0
        version: 0.180.0
    devDependencies:
      '@playwright/cli':
        specifier: 0.1.21
        version: 0.1.21
      impeccable:
        specifier: 4.1.0
        version: 4.1.0

packages:

  '@impeccable/cli-darwin-arm64@0.1.5':
    resolution: {integrity: sha512-RvSrbsvzHsyfVaL693mMiWWLauZXas00F5VrNoaqOUvOm478HJUIUnl77H393F9k9LWZNiNFLwIinRnGJ92naA==}
    cpu: [arm64]
    os: [darwin]
    hasBin: true

  '@impeccable/cli-darwin-x64@0.1.5':
    resolution: {integrity: sha512-wYfhNhVtgosKIjxxWdJ3X/KydASdDIAAdmng8shKUgfiCkY9Tld0psuhVJOdkKoJaRajagp7a2f/tCNN1xdBZA==}
    cpu: [x64]
    os: [darwin]
    hasBin: true

  '@impeccable/cli-linux-arm64@0.1.5':
    resolution: {integrity: sha512-gjWJbOa7/wAECkIOac/x6mq43lDGaGwH87/ErsnrFwk/s5hgtlBF0sPePeB30e/lu1VzGMJcXVUEA8EULv4cCg==}
    cpu: [arm64]
    os: [linux]
    hasBin: true

  '@impeccable/cli-linux-x64@0.1.5':
    resolution: {integrity: sha512-JZU7kd7s4DOz9w2gwbbpI1u3YLhrcAUNZg/awjZcQFHJwpizv/MhPVUjHKYuChrPn+Oxlpw7KU8adKY1YrSq8g==}
    cpu: [x64]
    os: [linux]
    hasBin: true

  '@impeccable/cli-windows-x64@0.1.5':
    resolution: {integrity: sha512-kVZFjQIjb84mF2klxTspxE1OilalO/OmYDQnLkCJeDJCQLr6+L6HvbghJ1TChq87uyMu4GQNDPr9VV+h+Z+tCQ==}
    cpu: [x64]
    os: [win32]
    hasBin: true

  '@playwright/cli@0.1.21':
    resolution: {integrity: sha512-FfxmVJj2wJlsxPksUO+4N7gqimPEQPajpocl2Mk97ENIGfAVZ4aElzPb5sDdGXHI9J/3Y8EtUiUTas0VsTm/sg==}
    engines: {node: '>=18'}
    hasBin: true

  impeccable@4.1.0:
    resolution: {integrity: sha512-hnfdoUK/Xg3qPtL0/5xzh92qKOtmREOZloCmFgnC1nYh3M81ihwCQEL2QWKntYl8qg1OG+jQ7wubR634PgTDIw==}
    engines: {node: '>=22.18.0'}
    hasBin: true

  playwright-core@1.64.0-alpha-1789764292000:
    resolution: {integrity: sha512-ZgRaybFv4rRy7QMGnYprEGFdNJnvapNqcaER2w96bDQA+40BWIle1el1Yh9KHD3E6XYmieMB+r+UxFTCauTGGQ==}
    engines: {node: '>=20'}
    hasBin: true

  playwright@1.64.0-alpha-1789764292000:
    resolution: {integrity: sha512-3Ngs4ERGdC912uW3srEDtNVey4u1wSaQ/EFcKhxMpz0by0K6nidaJgM087pLpJc1osytiVnL7ack5gvgPArPNw==}
    engines: {node: '>=20'}
    hasBin: true

  three@0.180.0:
    resolution: {integrity: sha512-o+qycAMZrh+TsE01GqWUxUIKR1AL0S8pq7zDkYOQw8GqfX8b8VoCKYUoHbhiX5j+7hr8XsuHDVU6+gkQJQKg9w==}

snapshots:

  '@impeccable/cli-darwin-arm64@0.1.5':
    optional: true

  '@impeccable/cli-darwin-x64@0.1.5':
    optional: true

  '@impeccable/cli-linux-arm64@0.1.5':
    optional: true

  '@impeccable/cli-linux-x64@0.1.5':
    optional: true

  '@impeccable/cli-windows-x64@0.1.5':
    optional: true

  '@playwright/cli@0.1.21':
    dependencies:
      playwright: 1.64.0-alpha-1789764292000
      playwright-core: 1.64.0-alpha-1789764292000

  impeccable@4.1.0:
    optionalDependencies:
      '@impeccable/cli-darwin-arm64': 0.1.5
      '@impeccable/cli-darwin-x64': 0.1.5
      '@impeccable/cli-linux-arm64': 0.1.5
      '@impeccable/cli-linux-x64': 0.1.5
      '@impeccable/cli-windows-x64': 0.1.5

  playwright-core@1.64.0-alpha-1789764292000: {}

  playwright@1.64.0-alpha-1789764292000:
    dependencies:
      playwright-core: 1.64.0-alpha-1789764292000

  three@0.180.0: {}
